version = 1
revision = 3
requires-python = ">=3.13"

[[package]]
name = "python-toon"
version = "0.1.3"
source = { registry = "https://pypi.org/simple" }
sdist = { url = "https://files.pythonhosted.org/packages/4e/92/640c83ca46d5fe9c49895449a8932f55252537dd13dd22186cbac3a1ce59/python_toon-0.1.3.tar.gz", hash = "sha256:ca348b214c4f1cdad3579fd83dd60032d9eb87eb349c2d430ad9eb6371f174bf", size = 31280, upload-time = "2025-11-04T09:12:20.949Z" }
wheels = [
    { url = "https://files.pythonhosted.org/packages/26/a4/2f2def0378b44f913d2d6cb3bc5b1a15267b363937ab1cb9afb07ce2313c/python_toon-0.1.3-py3-none-any.whl", hash = "sha256:a27b0ee4a729e730d1037d0a63eb8b344b3e5a26e3dc9a173067b6c31a868ee6", size = 21797, upload-time = "2025-11-04T09:12:19.443Z" },
]

[[package]]
name = "pyyq"
version = "0.1.0"
source = { editable = "." }

[package.dev-dependencies]
dev = [
    { name = "python-toon" },
]

[package.metadata]

[package.metadata.requires-dev]
dev = [{ name = "python-toon", specifier = ">=0.1.3" }]
